
Microsoft Visual Studio Solution File, Format Version 12.00
# Visual Studio Version 16
VisualStudioVersion = 16.0.30204.135
MinimumVisualStudioVersion = 10.0.40219.1
Project("{FAE04EC0-301F-11D3-BF4B-00C04F79EFBC}") = "Practical1", "Practical1\Practical1.csproj", "{B2CD03DB-6FA4-47C7-8CBB-07DCB9CD0FAD}"
EndProject
Global
	GlobalSection(SolutionConfigurationPlatforms) = preSolution
		Debug|Any CPU = Debug|Any CPU
		Release|Any CPU = Release|Any CPU
	EndGlobalSection
	GlobalSection(ProjectConfigurationPlatforms) = postSolution
		{B2CD03DB-6FA4-47C7-8CBB-07DCB9CD0FAD}.Debug|Any CPU.ActiveCfg = Debug|Any CPU
		{B2CD03DB-6FA4-47C7-8CBB-07DCB9CD0FAD}.Debug|Any CPU.Build.0 = Debug|Any CPU
		{B2CD03DB-6FA4-47C7-8CBB-07DCB9CD0FAD}.Release|Any CPU.ActiveCfg = Release|Any CPU
		{B2CD03DB-6FA4-47C7-8CBB-07DCB9CD0FAD}.Release|Any CPU.Build.0 = Release|Any CPU
	EndGlobalSection
	GlobalSection(SolutionProperties) = preSolution
		HideSolutionNode = FALSE
	EndGlobalSection
	GlobalSection(ExtensibilityGlobals) = postSolution
		SolutionGuid = {52F6FA87-94C9-4CA0-BA05-4816BF751371}
	EndGlobalSection
EndGlobal
